<?xml version="1.0" encoding="utf-8"?>
<Project ToolsVersion="4.0" xmlns="http://schemas.microsoft.com/developer/msbuild/2003">
  <ItemGroup>
    <Filter Include="Source Files">
      <UniqueIdentifier>{4FC737F1-C7A5-4376-A066-2A32D752A2FF}</UniqueIdentifier>
      <Extensions>cpp;c;cc;cxx;def;odl;idl;hpj;bat;asm;asmx</Extensions>
    </Filter>
    <Filter Include="Header Files">
      <UniqueIdentifier>{93995380-89BD-4b04-88EB-625FBE52EBFB}</UniqueIdentifier>
      <Extensions>h;hh;hpp;hxx;hm;inl;inc;ipp;xsd</Extensions>
    </Filter>
    <Filter Include="Resource Files">
      <UniqueIdentifier>{67DA6AB6-F800-4c08-8B7A-83BB121AAD01}</UniqueIdentifier>
      <Extensions>rc;ico;cur;bmp;dlg;rc2;rct;bin;rgs;gif;jpg;jpeg;jpe;resx;tiff;tif;png;wav;mfcribbon-ms</Extensions>
    </Filter>
  </ItemGroup>
  <ItemGroup>
    <ClInclude Include="constants.h">
      <Filter>Header Files</Filter>
    </ClInclude>
    <ClInclude Include="helpers.h">
      <Filter>Header Files</Filter>
    </ClInclude>
    <ClInclude Include="parser_helpers.h">
      <Filter>Header Files</Filter>
    </ClInclude>
    <ClInclude Include="sections.h">
      <Filter>Header Files</Filter>
    </ClInclude>
    <ClInclude Include="string_helpers.h">
      <Filter>Header Files</Filter>
    </ClInclude>
    <ClInclude Include="symbol_table.h">
      <Filter>Header Files</Filter>
    </ClInclude>
    <ClInclude Include="constants_helper.h">
      <Filter>Header Files</Filter>
    </ClInclude>
    <ClInclude Include="section_helpers.h">
      <Filter>Header Files</Filter>
    </ClInclude>
    <ClInclude Include="directives.h">
      <Filter>Header Files</Filter>
    </ClInclude>
    <ClInclude Include="instructions.h">
      <Filter>Header Files</Filter>
    </ClInclude>
    <ClInclude Include="parser_second.h">
      <Filter>Header Files</Filter>
    </ClInclude>
    <ClInclude Include="parser_first.h">
      <Filter>Header Files</Filter>
    </ClInclude>
    <ClInclude Include="instruction_helpers.h">
      <Filter>Header Files</Filter>
    </ClInclude>
    <ClInclude Include="object_file_writer.h">
      <Filter>Header Files</Filter>
    </ClInclude>
  </ItemGroup>
  <ItemGroup>
    <ClCompile Include="helpers.c">
      <Filter>Source Files</Filter>
    </ClCompile>
    <ClCompile Include="main.c">
      <Filter>Source Files</Filter>
    </ClCompile>
    <ClCompile Include="parser_helpers.c">
      <Filter>Source Files</Filter>
    </ClCompile>
    <ClCompile Include="sections.c">
      <Filter>Source Files</Filter>
    </ClCompile>
    <ClCompile Include="string_helpers.c">
      <Filter>Source Files</Filter>
    </ClCompile>
    <ClCompile Include="constants_helper.c">
      <Filter>Source Files</Filter>
    </ClCompile>
    <ClCompile Include="section_helpers.c">
      <Filter>Source Files</Filter>
    </ClCompile>
    <ClCompile Include="directives.c">
      <Filter>Source Files</Filter>
    </ClCompile>
    <ClCompile Include="instructions.c">
      <Filter>Source Files</Filter>
    </ClCompile>
    <ClCompile Include="parser_first.c">
      <Filter>Source Files</Filter>
    </ClCompile>
    <ClCompile Include="parser_second.c">
      <Filter>Source Files</Filter>
    </ClCompile>
    <ClCompile Include="instruction_helpers.c">
      <Filter>Source Files</Filter>
    </ClCompile>
    <ClCompile Include="object_file_writer.c">
      <Filter>Source Files</Filter>
    </ClCompile>
  </ItemGroup>
  <ItemGroup>
    <None Include="test_hi.s" />
    <None Include="test_hw.s" />
    <None Include="test_1.s" />
    <None Include="test_rel.s" />
  </ItemGroup>
</Project>